
Microsoft Visual Studio Solution File, Format Version 12.00
# Visual Studio 2013
VisualStudioVersion = 12.0.21005.1
MinimumVisualStudioVersion = 10.0.40219.1
Project("{8BC9CEB8-8B4A-11D0-8D11-00A0C91BC942}") = "libDragonBones", "dragonBones.vcxproj", "{ACE1271B-A380-4879-9EF1-D3B1D11CE252}"
EndProject
Global
	GlobalSection(SolutionConfigurationPlatforms) = preSolution
		Debug|Win32 = Debug|Win32
		Release|Win32 = Release|Win32
	EndGlobalSection
	GlobalSection(ProjectConfigurationPlatforms) = postSolution
		{ACE1271B-A380-4879-9EF1-D3B1D11CE252}.Debug|Win32.ActiveCfg = Debug|Win32
		{ACE1271B-A380-4879-9EF1-D3B1D11CE252}.Debug|Win32.Build.0 = Debug|Win32
		{ACE1271B-A380-4879-9EF1-D3B1D11CE252}.Release|Win32.ActiveCfg = Release|Win32
		{ACE1271B-A380-4879-9EF1-D3B1D11CE252}.Release|Win32.Build.0 = Release|Win32
	EndGlobalSection
	GlobalSection(SolutionProperties) = preSolution
		HideSolutionNode = FALSE
	EndGlobalSection
EndGlobal
